
Microsoft Visual Studio Solution File, Format Version 12.00
# Visual Studio Version 17
VisualStudioVersion = 17.0.31903.59
MinimumVisualStudioVersion = 10.0.40219.1
Project("{FAE04EC0-301F-11D3-BF4B-00C04F79EFBC}") = "eCommerce", "eCommerce\eCommerce.csproj", "{D8AD2739-052A-406B-84A5-A82D48D1873F}"
EndProject
Project("{FAE04EC0-301F-11D3-BF4B-00C04F79EFBC}") = "Identity", "Identity\Identity.csproj", "{DB637109-8189-ADB8-203D-EBBF74885970}"
EndProject
Project("{2150E333-8FDC-42A3-9474-1A3956D46DE8}") = "Elementos de la solución", "Elementos de la solución", "{D107F4C8-89CC-BEA8-D3D7-CA6B7733353D}"
	ProjectSection(SolutionItems) = preProject
		Directory.Packages.props = Directory.Packages.props
		docker-compose.yml = docker-compose.yml
	EndProjectSection
EndProject
Project("{FAE04EC0-301F-11D3-BF4B-00C04F79EFBC}") = "ServiceDefaults", "ServiceDefaults\ServiceDefaults.csproj", "{1991DDD0-D35B-4FD0-84D0-4897D405F651}"
EndProject
Project("{FAE04EC0-301F-11D3-BF4B-00C04F79EFBC}") = "ApiGateway", "ApiGateway\ApiGateway.csproj", "{ABE66B30-BD47-A7B2-B17B-5BA67959B026}"
EndProject
Project("{FAE04EC0-301F-11D3-BF4B-00C04F79EFBC}") = "Catalog", "Catalog\Catalog.csproj", "{C4F761E8-674E-7804-3E8F-374E41B75BE9}"
EndProject
Project("{FAE04EC0-301F-11D3-BF4B-00C04F79EFBC}") = "Notifications", "Notifications\Notifications.csproj", "{19A7FAA2-4A54-47E5-921C-229D90FAD575}"
EndProject
Project("{FAE04EC0-301F-11D3-BF4B-00C04F79EFBC}") = "Shared", "Shared\Shared.csproj", "{21639791-121B-498E-A202-0203DF2F8B31}"
EndProject
Global
	GlobalSection(SolutionConfigurationPlatforms) = preSolution
		Debug|Any CPU = Debug|Any CPU
		Release|Any CPU = Release|Any CPU
	EndGlobalSection
	GlobalSection(ProjectConfigurationPlatforms) = postSolution
		{D8AD2739-052A-406B-84A5-A82D48D1873F}.Debug|Any CPU.ActiveCfg = Debug|Any CPU
		{D8AD2739-052A-406B-84A5-A82D48D1873F}.Debug|Any CPU.Build.0 = Debug|Any CPU
		{D8AD2739-052A-406B-84A5-A82D48D1873F}.Release|Any CPU.ActiveCfg = Release|Any CPU
		{D8AD2739-052A-406B-84A5-A82D48D1873F}.Release|Any CPU.Build.0 = Release|Any CPU
		{DB637109-8189-ADB8-203D-EBBF74885970}.Debug|Any CPU.ActiveCfg = Debug|Any CPU
		{DB637109-8189-ADB8-203D-EBBF74885970}.Debug|Any CPU.Build.0 = Debug|Any CPU
		{DB637109-8189-ADB8-203D-EBBF74885970}.Release|Any CPU.ActiveCfg = Release|Any CPU
		{DB637109-8189-ADB8-203D-EBBF74885970}.Release|Any CPU.Build.0 = Release|Any CPU
		{1991DDD0-D35B-4FD0-84D0-4897D405F651}.Debug|Any CPU.ActiveCfg = Debug|Any CPU
		{1991DDD0-D35B-4FD0-84D0-4897D405F651}.Debug|Any CPU.Build.0 = Debug|Any CPU
		{1991DDD0-D35B-4FD0-84D0-4897D405F651}.Release|Any CPU.ActiveCfg = Release|Any CPU
		{1991DDD0-D35B-4FD0-84D0-4897D405F651}.Release|Any CPU.Build.0 = Release|Any CPU
		{ABE66B30-BD47-A7B2-B17B-5BA67959B026}.Debug|Any CPU.ActiveCfg = Debug|Any CPU
		{ABE66B30-BD47-A7B2-B17B-5BA67959B026}.Debug|Any CPU.Build.0 = Debug|Any CPU
		{ABE66B30-BD47-A7B2-B17B-5BA67959B026}.Release|Any CPU.ActiveCfg = Release|Any CPU
		{ABE66B30-BD47-A7B2-B17B-5BA67959B026}.Release|Any CPU.Build.0 = Release|Any CPU
		{C4F761E8-674E-7804-3E8F-374E41B75BE9}.Debug|Any CPU.ActiveCfg = Debug|Any CPU
		{C4F761E8-674E-7804-3E8F-374E41B75BE9}.Debug|Any CPU.Build.0 = Debug|Any CPU
		{C4F761E8-674E-7804-3E8F-374E41B75BE9}.Release|Any CPU.ActiveCfg = Release|Any CPU
		{C4F761E8-674E-7804-3E8F-374E41B75BE9}.Release|Any CPU.Build.0 = Release|Any CPU
		{19A7FAA2-4A54-47E5-921C-229D90FAD575}.Debug|Any CPU.ActiveCfg = Debug|Any CPU
		{19A7FAA2-4A54-47E5-921C-229D90FAD575}.Debug|Any CPU.Build.0 = Debug|Any CPU
		{19A7FAA2-4A54-47E5-921C-229D90FAD575}.Release|Any CPU.ActiveCfg = Release|Any CPU
		{19A7FAA2-4A54-47E5-921C-229D90FAD575}.Release|Any CPU.Build.0 = Release|Any CPU
		{21639791-121B-498E-A202-0203DF2F8B31}.Debug|Any CPU.ActiveCfg = Debug|Any CPU
		{21639791-121B-498E-A202-0203DF2F8B31}.Debug|Any CPU.Build.0 = Debug|Any CPU
		{21639791-121B-498E-A202-0203DF2F8B31}.Release|Any CPU.ActiveCfg = Release|Any CPU
		{21639791-121B-498E-A202-0203DF2F8B31}.Release|Any CPU.Build.0 = Release|Any CPU
	EndGlobalSection
	GlobalSection(SolutionProperties) = preSolution
		HideSolutionNode = FALSE
	EndGlobalSection
	GlobalSection(ExtensibilityGlobals) = postSolution
		SolutionGuid = {FD57D09D-01B6-4AD1-BEA1-F2CF2F11605C}
	EndGlobalSection
EndGlobal
