
Microsoft Visual Studio Solution File, Format Version 12.00
# Visual Studio Version 16
VisualStudioVersion = 16.0.29306.81
MinimumVisualStudioVersion = 10.0.40219.1
Project("{FAE04EC0-301F-11D3-BF4B-00C04F79EFBC}") = "prueba", "prueba\prueba.csproj", "{FBB3A0AD-EE6A-42BF-85D2-68721C7A4830}"
EndProject
Global
	GlobalSection(SolutionConfigurationPlatforms) = preSolution
		Debug|Any CPU = Debug|Any CPU
		Release|Any CPU = Release|Any CPU
	EndGlobalSection
	GlobalSection(ProjectConfigurationPlatforms) = postSolution
		{FBB3A0AD-EE6A-42BF-85D2-68721C7A4830}.Debug|Any CPU.ActiveCfg = Debug|Any CPU
		{FBB3A0AD-EE6A-42BF-85D2-68721C7A4830}.Debug|Any CPU.Build.0 = Debug|Any CPU
		{FBB3A0AD-EE6A-42BF-85D2-68721C7A4830}.Release|Any CPU.ActiveCfg = Release|Any CPU
		{FBB3A0AD-EE6A-42BF-85D2-68721C7A4830}.Release|Any CPU.Build.0 = Release|Any CPU
	EndGlobalSection
	GlobalSection(SolutionProperties) = preSolution
		HideSolutionNode = FALSE
	EndGlobalSection
	GlobalSection(ExtensibilityGlobals) = postSolution
		SolutionGuid = {D9849AAA-FC22-4BF8-B6F0-9264265E105B}
	EndGlobalSection
EndGlobal
