
Microsoft Visual Studio Solution File, Format Version 12.00
# Visual Studio Version 17
VisualStudioVersion = 17.14.36518.9 d17.14
MinimumVisualStudioVersion = 10.0.40219.1
Project("{FAE04EC0-301F-11D3-BF4B-00C04F79EFBC}") = "CoreVacio", "CoreVacio\CoreVacio.csproj", "{C7D7AD48-EEB8-4475-AAB9-D43EE8F533E3}"
EndProject
Global
	GlobalSection(SolutionConfigurationPlatforms) = preSolution
		Debug|Any CPU = Debug|Any CPU
		Release|Any CPU = Release|Any CPU
	EndGlobalSection
	GlobalSection(ProjectConfigurationPlatforms) = postSolution
		{C7D7AD48-EEB8-4475-AAB9-D43EE8F533E3}.Debug|Any CPU.ActiveCfg = Debug|Any CPU
		{C7D7AD48-EEB8-4475-AAB9-D43EE8F533E3}.Debug|Any CPU.Build.0 = Debug|Any CPU
		{C7D7AD48-EEB8-4475-AAB9-D43EE8F533E3}.Release|Any CPU.ActiveCfg = Release|Any CPU
		{C7D7AD48-EEB8-4475-AAB9-D43EE8F533E3}.Release|Any CPU.Build.0 = Release|Any CPU
	EndGlobalSection
	GlobalSection(SolutionProperties) = preSolution
		HideSolutionNode = FALSE
	EndGlobalSection
	GlobalSection(ExtensibilityGlobals) = postSolution
		SolutionGuid = {54ECA5B6-AABE-402B-AC7A-A03551B865BB}
	EndGlobalSection
EndGlobal
